
Microsoft Visual Studio Solution File, Format Version 12.00
# Visual Studio Version 16
VisualStudioVersion = 16.0.29519.181
MinimumVisualStudioVersion = 10.0.40219.1
Project("{FAE04EC0-301F-11D3-BF4B-00C04F79EFBC}") = "Sleeper.App", "Sleeper.App\Sleeper.App.csproj", "{E7F98AEF-3CF2-4E78-966D-B162BE3DFDBD}"
EndProject
Project("{9A19103F-16F7-4668-BE54-9A1E7A4F7556}") = "Sleeper.Core", "Sleeper.Core\Sleeper.Core.csproj", "{F9F57214-CCE3-4E47-B4B0-BD4BE1BC2EEF}"
EndProject
Project("{FAE04EC0-301F-11D3-BF4B-00C04F79EFBC}") = "Sleeper.Taskbar", "Sleeper.Taskbar\Sleeper.Taskbar.csproj", "{CBFE4C61-A697-4588-ABF6-B6E00669BFCB}"
EndProject
Global
	GlobalSection(SolutionConfigurationPlatforms) = preSolution
		Debug|Any CPU = Debug|Any CPU
		Debug|ARM = Debug|ARM
		Debug|ARM64 = Debug|ARM64
		Debug|x64 = Debug|x64
		Debug|x86 = Debug|x86
		Release|Any CPU = Release|Any CPU
		Release|ARM = Release|ARM
		Release|ARM64 = Release|ARM64
		Release|x64 = Release|x64
		Release|x86 = Release|x86
	EndGlobalSection
	GlobalSection(ProjectConfigurationPlatforms) = postSolution
		{E7F98AEF-3CF2-4E78-966D-B162BE3DFDBD}.Debug|Any CPU.ActiveCfg = Debug|Any CPU
		{E7F98AEF-3CF2-4E78-966D-B162BE3DFDBD}.Debug|Any CPU.Build.0 = Debug|Any CPU
		{E7F98AEF-3CF2-4E78-966D-B162BE3DFDBD}.Debug|ARM.ActiveCfg = Debug|Any CPU
		{E7F98AEF-3CF2-4E78-966D-B162BE3DFDBD}.Debug|ARM.Build.0 = Debug|Any CPU
		{E7F98AEF-3CF2-4E78-966D-B162BE3DFDBD}.Debug|ARM64.ActiveCfg = Debug|Any CPU
		{E7F98AEF-3CF2-4E78-966D-B162BE3DFDBD}.Debug|ARM64.Build.0 = Debug|Any CPU
		{E7F98AEF-3CF2-4E78-966D-B162BE3DFDBD}.Debug|x64.ActiveCfg = Debug|Any CPU
		{E7F98AEF-3CF2-4E78-966D-B162BE3DFDBD}.Debug|x64.Build.0 = Debug|Any CPU
		{E7F98AEF-3CF2-4E78-966D-B162BE3DFDBD}.Debug|x86.ActiveCfg = Debug|Any CPU
		{E7F98AEF-3CF2-4E78-966D-B162BE3DFDBD}.Debug|x86.Build.0 = Debug|Any CPU
		{E7F98AEF-3CF2-4E78-966D-B162BE3DFDBD}.Release|Any CPU.ActiveCfg = Release|Any CPU
		{E7F98AEF-3CF2-4E78-966D-B162BE3DFDBD}.Release|Any CPU.Build.0 = Release|Any CPU
		{E7F98AEF-3CF2-4E78-966D-B162BE3DFDBD}.Release|ARM.ActiveCfg = Release|Any CPU
		{E7F98AEF-3CF2-4E78-966D-B162BE3DFDBD}.Release|ARM.Build.0 = Release|Any CPU
		{E7F98AEF-3CF2-4E78-966D-B162BE3DFDBD}.Release|ARM64.ActiveCfg = Release|Any CPU
		{E7F98AEF-3CF2-4E78-966D-B162BE3DFDBD}.Release|ARM64.Build.0 = Release|Any CPU
		{E7F98AEF-3CF2-4E78-966D-B162BE3DFDBD}.Release|x64.ActiveCfg = Release|Any CPU
		{E7F98AEF-3CF2-4E78-966D-B162BE3DFDBD}.Release|x64.Build.0 = Release|Any CPU
		{E7F98AEF-3CF2-4E78-966D-B162BE3DFDBD}.Release|x86.ActiveCfg = Release|Any CPU
		{E7F98AEF-3CF2-4E78-966D-B162BE3DFDBD}.Release|x86.Build.0 = Release|Any CPU
		{F9F57214-CCE3-4E47-B4B0-BD4BE1BC2EEF}.Debug|Any CPU.ActiveCfg = Debug|Any CPU
		{F9F57214-CCE3-4E47-B4B0-BD4BE1BC2EEF}.Debug|Any CPU.Build.0 = Debug|Any CPU
		{F9F57214-CCE3-4E47-B4B0-BD4BE1BC2EEF}.Debug|ARM.ActiveCfg = Debug|Any CPU
		{F9F57214-CCE3-4E47-B4B0-BD4BE1BC2EEF}.Debug|ARM.Build.0 = Debug|Any CPU
		{F9F57214-CCE3-4E47-B4B0-BD4BE1BC2EEF}.Debug|ARM64.ActiveCfg = Debug|Any CPU
		{F9F57214-CCE3-4E47-B4B0-BD4BE1BC2EEF}.Debug|ARM64.Build.0 = Debug|Any CPU
		{F9F57214-CCE3-4E47-B4B0-BD4BE1BC2EEF}.Debug|x64.ActiveCfg = Debug|Any CPU
		{F9F57214-CCE3-4E47-B4B0-BD4BE1BC2EEF}.Debug|x64.Build.0 = Debug|Any CPU
		{F9F57214-CCE3-4E47-B4B0-BD4BE1BC2EEF}.Debug|x86.ActiveCfg = Debug|Any CPU
		{F9F57214-CCE3-4E47-B4B0-BD4BE1BC2EEF}.Debug|x86.Build.0 = Debug|Any CPU
		{F9F57214-CCE3-4E47-B4B0-BD4BE1BC2EEF}.Release|Any CPU.ActiveCfg = Release|Any CPU
		{F9F57214-CCE3-4E47-B4B0-BD4BE1BC2EEF}.Release|Any CPU.Build.0 = Release|Any CPU
		{F9F57214-CCE3-4E47-B4B0-BD4BE1BC2EEF}.Release|ARM.ActiveCfg = Release|Any CPU
		{F9F57214-CCE3-4E47-B4B0-BD4BE1BC2EEF}.Release|ARM.Build.0 = Release|Any CPU
		{F9F57214-CCE3-4E47-B4B0-BD4BE1BC2EEF}.Release|ARM64.ActiveCfg = Release|Any CPU
		{F9F57214-CCE3-4E47-B4B0-BD4BE1BC2EEF}.Release|ARM64.Build.0 = Release|Any CPU
		{F9F57214-CCE3-4E47-B4B0-BD4BE1BC2EEF}.Release|x64.ActiveCfg = Release|Any CPU
		{F9F57214-CCE3-4E47-B4B0-BD4BE1BC2EEF}.Release|x64.Build.0 = Release|Any CPU
		{F9F57214-CCE3-4E47-B4B0-BD4BE1BC2EEF}.Release|x86.ActiveCfg = Release|Any CPU
		{F9F57214-CCE3-4E47-B4B0-BD4BE1BC2EEF}.Release|x86.Build.0 = Release|Any CPU
		{CBFE4C61-A697-4588-ABF6-B6E00669BFCB}.Debug|Any CPU.ActiveCfg = Debug|Any CPU
		{CBFE4C61-A697-4588-ABF6-B6E00669BFCB}.Debug|Any CPU.Build.0 = Debug|Any CPU
		{CBFE4C61-A697-4588-ABF6-B6E00669BFCB}.Debug|ARM.ActiveCfg = Debug|Any CPU
		{CBFE4C61-A697-4588-ABF6-B6E00669BFCB}.Debug|ARM.Build.0 = Debug|Any CPU
		{CBFE4C61-A697-4588-ABF6-B6E00669BFCB}.Debug|ARM64.ActiveCfg = Debug|Any CPU
		{CBFE4C61-A697-4588-ABF6-B6E00669BFCB}.Debug|ARM64.Build.0 = Debug|Any CPU
		{CBFE4C61-A697-4588-ABF6-B6E00669BFCB}.Debug|x64.ActiveCfg = Debug|Any CPU
		{CBFE4C61-A697-4588-ABF6-B6E00669BFCB}.Debug|x64.Build.0 = Debug|Any CPU
		{CBFE4C61-A697-4588-ABF6-B6E00669BFCB}.Debug|x86.ActiveCfg = Debug|Any CPU
		{CBFE4C61-A697-4588-ABF6-B6E00669BFCB}.Debug|x86.Build.0 = Debug|Any CPU
		{CBFE4C61-A697-4588-ABF6-B6E00669BFCB}.Release|Any CPU.ActiveCfg = Release|Any CPU
		{CBFE4C61-A697-4588-ABF6-B6E00669BFCB}.Release|Any CPU.Build.0 = Release|Any CPU
		{CBFE4C61-A697-4588-ABF6-B6E00669BFCB}.Release|ARM.ActiveCfg = Release|Any CPU
		{CBFE4C61-A697-4588-ABF6-B6E00669BFCB}.Release|ARM.Build.0 = Release|Any CPU
		{CBFE4C61-A697-4588-ABF6-B6E00669BFCB}.Release|ARM64.ActiveCfg = Release|Any CPU
		{CBFE4C61-A697-4588-ABF6-B6E00669BFCB}.Release|ARM64.Build.0 = Release|Any CPU
		{CBFE4C61-A697-4588-ABF6-B6E00669BFCB}.Release|x64.ActiveCfg = Release|Any CPU
		{CBFE4C61-A697-4588-ABF6-B6E00669BFCB}.Release|x64.Build.0 = Release|Any CPU
		{CBFE4C61-A697-4588-ABF6-B6E00669BFCB}.Release|x86.ActiveCfg = Release|Any CPU
		{CBFE4C61-A697-4588-ABF6-B6E00669BFCB}.Release|x86.Build.0 = Release|Any CPU
	EndGlobalSection
	GlobalSection(SolutionProperties) = preSolution
		HideSolutionNode = FALSE
	EndGlobalSection
	GlobalSection(ExtensibilityGlobals) = postSolution
		SolutionGuid = {8963F9A2-42EC-4C5A-B524-BD42C78845B6}
	EndGlobalSection
EndGlobal
